
Microsoft Visual Studio Solution File, Format Version 12.00
# Visual Studio Version 17
VisualStudioVersion = 17.7.34221.43
MinimumVisualStudioVersion = 10.0.40219.1
Project("{8BC9CEB8-8B4A-11D0-8D11-00A0C91BC942}") = "TAREA2-D", "TAREA2-D\TAREA2-D.vcxproj", "{CB2B2D68-2AA1-4742-8BD5-6E71BCD72630}"
EndProject
Global
	GlobalSection(SolutionConfigurationPlatforms) = preSolution
		Debug|x64 = Debug|x64
		Debug|x86 = Debug|x86
		Release|x64 = Release|x64
		Release|x86 = Release|x86
	EndGlobalSection
	GlobalSection(ProjectConfigurationPlatforms) = postSolution
		{CB2B2D68-2AA1-4742-8BD5-6E71BCD72630}.Debug|x64.ActiveCfg = Debug|x64
		{CB2B2D68-2AA1-4742-8BD5-6E71BCD72630}.Debug|x64.Build.0 = Debug|x64
		{CB2B2D68-2AA1-4742-8BD5-6E71BCD72630}.Debug|x86.ActiveCfg = Debug|Win32
		{CB2B2D68-2AA1-4742-8BD5-6E71BCD72630}.Debug|x86.Build.0 = Debug|Win32
		{CB2B2D68-2AA1-4742-8BD5-6E71BCD72630}.Release|x64.ActiveCfg = Release|x64
		{CB2B2D68-2AA1-4742-8BD5-6E71BCD72630}.Release|x64.Build.0 = Release|x64
		{CB2B2D68-2AA1-4742-8BD5-6E71BCD72630}.Release|x86.ActiveCfg = Release|Win32
		{CB2B2D68-2AA1-4742-8BD5-6E71BCD72630}.Release|x86.Build.0 = Release|Win32
	EndGlobalSection
	GlobalSection(SolutionProperties) = preSolution
		HideSolutionNode = FALSE
	EndGlobalSection
	GlobalSection(ExtensibilityGlobals) = postSolution
		SolutionGuid = {EDDD98D6-CC7A-4F04-9B99-9DF2ACE4A178}
	EndGlobalSection
EndGlobal
