
Microsoft Visual Studio Solution File, Format Version 12.00
# Visual Studio Version 17
VisualStudioVersion = 17.11.35208.52
MinimumVisualStudioVersion = 10.0.40219.1
Project("{FAE04EC0-301F-11D3-BF4B-00C04F79EFBC}") = "TAREA 10 EJ 3", "TAREA 10 EJ 3.csproj", "{58D81D8C-2240-4FB7-AF19-515C7DA502FF}"
EndProject
Global
	GlobalSection(SolutionConfigurationPlatforms) = preSolution
		Debug|Any CPU = Debug|Any CPU
		Release|Any CPU = Release|Any CPU
	EndGlobalSection
	GlobalSection(ProjectConfigurationPlatforms) = postSolution
		{58D81D8C-2240-4FB7-AF19-515C7DA502FF}.Debug|Any CPU.ActiveCfg = Debug|Any CPU
		{58D81D8C-2240-4FB7-AF19-515C7DA502FF}.Debug|Any CPU.Build.0 = Debug|Any CPU
		{58D81D8C-2240-4FB7-AF19-515C7DA502FF}.Release|Any CPU.ActiveCfg = Release|Any CPU
		{58D81D8C-2240-4FB7-AF19-515C7DA502FF}.Release|Any CPU.Build.0 = Release|Any CPU
	EndGlobalSection
	GlobalSection(SolutionProperties) = preSolution
		HideSolutionNode = FALSE
	EndGlobalSection
	GlobalSection(ExtensibilityGlobals) = postSolution
		SolutionGuid = {0401F0FC-66F2-45B5-93E4-73713C4A164A}
	EndGlobalSection
EndGlobal
